
Microsoft Visual Studio Solution File, Format Version 12.00
# Visual Studio Version 17
VisualStudioVersion = 17.14.36127.28 d17.14
MinimumVisualStudioVersion = 10.0.40219.1
Project("{FAE04EC0-301F-11D3-BF4B-00C04F79EFBC}") = "TradeFilteringApp", "TradeFilteringApp.csproj", "{A71A2555-A0E9-DD54-8CCD-910094D99C7F}"
EndProject
Global
	GlobalSection(SolutionConfigurationPlatforms) = preSolution
		Debug|Any CPU = Debug|Any CPU
		Release|Any CPU = Release|Any CPU
	EndGlobalSection
	GlobalSection(ProjectConfigurationPlatforms) = postSolution
		{A71A2555-A0E9-DD54-8CCD-910094D99C7F}.Debug|Any CPU.ActiveCfg = Debug|Any CPU
		{A71A2555-A0E9-DD54-8CCD-910094D99C7F}.Debug|Any CPU.Build.0 = Debug|Any CPU
		{A71A2555-A0E9-DD54-8CCD-910094D99C7F}.Release|Any CPU.ActiveCfg = Release|Any CPU
		{A71A2555-A0E9-DD54-8CCD-910094D99C7F}.Release|Any CPU.Build.0 = Release|Any CPU
	EndGlobalSection
	GlobalSection(SolutionProperties) = preSolution
		HideSolutionNode = FALSE
	EndGlobalSection
	GlobalSection(ExtensibilityGlobals) = postSolution
		SolutionGuid = {C9A26BFD-E4C0-4C4B-80EB-FADE553D09ED}
	EndGlobalSection
EndGlobal
